// !$*UTF8*$!
{
	archiveVersion = 1;
	classes = {
	};
	objectVersion = 56;
	objects = {

/* Begin PBXBuildFile section */
		6025AE3A2BFA6DD0000B1C34 /* MetronomeModel.swift in Sources */ = {isa = PBXBuildFile; fileRef = 6025AE392BFA6DD0000B1C34 /* MetronomeModel.swift */; };
		6054BE762BE29E5C0062FD33 /* Beat.swift in Sources */ = {isa = PBXBuildFile; fileRef = 6054BE752BE29E5C0062FD33 /* Beat.swift */; };
		6054BE782BE29F500062FD33 /* BeatDisplay.swift in Sources */ = {isa = PBXBuildFile; fileRef = 6054BE772BE29F500062FD33 /* BeatDisplay.swift */; };
		6054BE7A2BE2A5FD0062FD33 /* TempoSelector.swift in Sources */ = {isa = PBXBuildFile; fileRef = 6054BE792BE2A5FD0062FD33 /* TempoSelector.swift */; };
		6058ED5B2BB1D70A00E31B41 /* metronomeApp.swift in Sources */ = {isa = PBXBuildFile; fileRef = 6058ED5A2BB1D70A00E31B41 /* metronomeApp.swift */; };
		6058ED5D2BB1D70A00E31B41 /* ContentView.swift in Sources */ = {isa = PBXBuildFile; fileRef = 6058ED5C2BB1D70A00E31B41 /* ContentView.swift */; };
		6058ED5F2BB1D70B00E31B41 /* Assets.xcassets in Resources */ = {isa = PBXBuildFile; fileRef = 6058ED5E2BB1D70B00E31B41 /* Assets.xcassets */; };
		6058ED622BB1D70B00E31B41 /* Preview Assets.xcassets in Resources */ = {isa = PBXBuildFile; fileRef = 6058ED612BB1D70B00E31B41 /* Preview Assets.xcassets */; };
		6058ED6C2BB1D70B00E31B41 /* metronomeTests.swift in Sources */ = {isa = PBXBuildFile; fileRef = 6058ED6B2BB1D70B00E31B41 /* metronomeTests.swift */; };
		6058ED762BB1D70B00E31B41 /* metronomeUITests.swift in Sources */ = {isa = PBXBuildFile; fileRef = 6058ED752BB1D70B00E31B41 /* metronomeUITests.swift */; };
		6058ED782BB1D70B00E31B41 /* metronomeUITestsLaunchTests.swift in Sources */ = {isa = PBXBuildFile; fileRef = 6058ED772BB1D70B00E31B41 /* metronomeUITestsLaunchTests.swift */; };
		60615D082BE3C23100710602 /* TapToMeasureBPMButton.swift in Sources */ = {isa = PBXBuildFile; fileRef = 60615D072BE3C23100710602 /* TapToMeasureBPMButton.swift */; };
		60DDB50E2BC3DEF50050DA3E /* Localizable.xcstrings in Resources */ = {isa = PBXBuildFile; fileRef = 60DDB50D2BC3DEF50050DA3E /* Localizable.xcstrings */; };
/* End PBXBuildFile section */

/* Begin PBXContainerItemProxy section */
		6058ED682BB1D70B00E31B41 /* PBXContainerItemProxy */ = {
			isa = PBXContainerItemProxy;
			containerPortal = 6058ED4F2BB1D70A00E31B41 /* Project object */;
			proxyType = 1;
			remoteGlobalIDString = 6058ED562BB1D70A00E31B41;
			remoteInfo = metronome;
		};
		6058ED722BB1D70B00E31B41 /* PBXContainerItemProxy */ = {
			isa = PBXContainerItemProxy;
			containerPortal = 6058ED4F2BB1D70A00E31B41 /* Project object */;
			proxyType = 1;
			remoteGlobalIDString = 6058ED562BB1D70A00E31B41;
			remoteInfo = metronome;
		};
/* End PBXContainerItemProxy section */

/* Begin PBXFileReference section */
		6025AE392BFA6DD0000B1C34 /* MetronomeModel.swift */ = {isa = PBXFileReference; lastKnownFileType = sourcecode.swift; path = MetronomeModel.swift; sourceTree = "<group>"; };
		6054BE752BE29E5C0062FD33 /* Beat.swift */ = {isa = PBXFileReference; lastKnownFileType = sourcecode.swift; path = Beat.swift; sourceTree = "<group>"; };
		6054BE772BE29F500062FD33 /* BeatDisplay.swift */ = {isa = PBXFileReference; lastKnownFileType = sourcecode.swift; path = BeatDisplay.swift; sourceTree = "<group>"; };
		6054BE792BE2A5FD0062FD33 /* TempoSelector.swift */ = {isa = PBXFileReference; lastKnownFileType = sourcecode.swift; path = TempoSelector.swift; sourceTree = "<group>"; };
		6058ED572BB1D70A00E31B41 /* metronome.app */ = {isa = PBXFileReference; explicitFileType = wrapper.application; includeInIndex = 0; path = metronome.app; sourceTree = BUILT_PRODUCTS_DIR; };
		6058ED5A2BB1D70A00E31B41 /* metronomeApp.swift */ = {isa = PBXFileReference; lastKnownFileType = sourcecode.swift; path = metronomeApp.swift; sourceTree = "<group>"; };
		6058ED5C2BB1D70A00E31B41 /* ContentView.swift */ = {isa = PBXFileReference; lastKnownFileType = sourcecode.swift; path = ContentView.swift; sourceTree = "<group>"; };
		6058ED5E2BB1D70B00E31B41 /* Assets.xcassets */ = {isa = PBXFileReference; lastKnownFileType = folder.assetcatalog; path = Assets.xcassets; sourceTree = "<group>"; };
		6058ED612BB1D70B00E31B41 /* Preview Assets.xcassets */ = {isa = PBXFileReference; lastKnownFileType = folder.assetcatalog; path = "Preview Assets.xcassets"; sourceTree = "<group>"; };
		6058ED672BB1D70B00E31B41 /* metronomeTests.xctest */ = {isa = PBXFileReference; explicitFileType = wrapper.cfbundle; includeInIndex = 0; path = metronomeTests.xctest; sourceTree = BUILT_PRODUCTS_DIR; };
		6058ED6B2BB1D70B00E31B41 /* metronomeTests.swift */ = {isa = PBXFileReference; lastKnownFileType = sourcecode.swift; path = metronomeTests.swift; sourceTree = "<group>"; };
		6058ED712BB1D70B00E31B41 /* metronomeUITests.xctest */ = {isa = PBXFileReference; explicitFileType = wrapper.cfbundle; includeInIndex = 0; path = metronomeUITests.xctest; sourceTree = BUILT_PRODUCTS_DIR; };
		6058ED752BB1D70B00E31B41 /* metronomeUITests.swift */ = {isa = PBXFileReference; lastKnownFileType = sourcecode.swift; path = metronomeUITests.swift; sourceTree = "<group>"; };
		6058ED772BB1D70B00E31B41 /* metronomeUITestsLaunchTests.swift */ = {isa = PBXFileReference; lastKnownFileType = sourcecode.swift; path = metronomeUITestsLaunchTests.swift; sourceTree = "<group>"; };
		60615D072BE3C23100710602 /* TapToMeasureBPMButton.swift */ = {isa = PBXFileReference; lastKnownFileType = sourcecode.swift; path = TapToMeasureBPMButton.swift; sourceTree = "<group>"; };
		60DDB50D2BC3DEF50050DA3E /* Localizable.xcstrings */ = {isa = PBXFileReference; lastKnownFileType = text.json.xcstrings; path = Localizable.xcstrings; sourceTree = "<group>"; };
/* End PBXFileReference section */

/* Begin PBXFrameworksBuildPhase section */
		6058ED542BB1D70A00E31B41 /* Frameworks */ = {
			isa = PBXFrameworksBuildPhase;
			buildActionMask = 2147483647;
			files = (
			);
			runOnlyForDeploymentPostprocessing = 0;
		};
		6058ED642BB1D70B00E31B41 /* Frameworks */ = {
			isa = PBXFrameworksBuildPhase;
			buildActionMask = 2147483647;
			files = (
			);
			runOnlyForDeploymentPostprocessing = 0;
		};
		6058ED6E2BB1D70B00E31B41 /* Frameworks */ = {
			isa = PBXFrameworksBuildPhase;
			buildActionMask = 2147483647;
			files = (
			);
			runOnlyForDeploymentPostprocessing = 0;
		};
/* End PBXFrameworksBuildPhase section */

/* Begin PBXGroup section */
		6058ED4E2BB1D70A00E31B41 = {
			isa = PBXGroup;
			children = (
				6058ED592BB1D70A00E31B41 /* metronome */,
				6058ED6A2BB1D70B00E31B41 /* metronomeTests */,
				6058ED742BB1D70B00E31B41 /* metronomeUITests */,
				6058ED582BB1D70A00E31B41 /* Products */,
			);
			sourceTree = "<group>";
		};
		6058ED582BB1D70A00E31B41 /* Products */ = {
			isa = PBXGroup;
			children = (
				6058ED572BB1D70A00E31B41 /* metronome.app */,
				6058ED672BB1D70B00E31B41 /* metronomeTests.xctest */,
				6058ED712BB1D70B00E31B41 /* metronomeUITests.xctest */,
			);
			name = Products;
			sourceTree = "<group>";
		};
		6058ED592BB1D70A00E31B41 /* metronome */ = {
			isa = PBXGroup;
			children = (
				6058ED5A2BB1D70A00E31B41 /* metronomeApp.swift */,
				6058ED5C2BB1D70A00E31B41 /* ContentView.swift */,
				6058ED5E2BB1D70B00E31B41 /* Assets.xcassets */,
				6058ED602BB1D70B00E31B41 /* Preview Content */,
				60DDB50D2BC3DEF50050DA3E /* Localizable.xcstrings */,
				6054BE752BE29E5C0062FD33 /* Beat.swift */,
				6054BE772BE29F500062FD33 /* BeatDisplay.swift */,
				6054BE792BE2A5FD0062FD33 /* TempoSelector.swift */,
				60615D072BE3C23100710602 /* TapToMeasureBPMButton.swift */,
				6025AE392BFA6DD0000B1C34 /* MetronomeModel.swift */,
			);
			path = metronome;
			sourceTree = "<group>";
		};
		6058ED602BB1D70B00E31B41 /* Preview Content */ = {
			isa = PBXGroup;
			children = (
				6058ED612BB1D70B00E31B41 /* Preview Assets.xcassets */,
			);
			path = "Preview Content";
			sourceTree = "<group>";
		};
		6058ED6A2BB1D70B00E31B41 /* metronomeTests */ = {
			isa = PBXGroup;
			children = (
				6058ED6B2BB1D70B00E31B41 /* metronomeTests.swift */,
			);
			path = metronomeTests;
			sourceTree = "<group>";
		};
		6058ED742BB1D70B00E31B41 /* metronomeUITests */ = {
			isa = PBXGroup;
			children = (
				6058ED752BB1D70B00E31B41 /* metronomeUITests.swift */,
				6058ED772BB1D70B00E31B41 /* metronomeUITestsLaunchTests.swift */,
			);
			path = metronomeUITests;
			sourceTree = "<group>";
		};
/* End PBXGroup section */

/* Begin PBXNativeTarget section */
		6058ED562BB1D70A00E31B41 /* metronome */ = {
			isa = PBXNativeTarget;
			buildConfigurationList = 6058ED7B2BB1D70B00E31B41 /* Build configuration list for PBXNativeTarget "metronome" */;
			buildPhases = (
				6058ED532BB1D70A00E31B41 /* Sources */,
				6058ED542BB1D70A00E31B41 /* Frameworks */,
				6058ED552BB1D70A00E31B41 /* Resources */,
			);
			buildRules = (
			);
			dependencies = (
			);
			name = metronome;
			productName = metronome;
			productReference = 6058ED572BB1D70A00E31B41 /* metronome.app */;
			productType = "com.apple.product-type.application";
		};
		6058ED662BB1D70B00E31B41 /* metronomeTests */ = {
			isa = PBXNativeTarget;
			buildConfigurationList = 6058ED7E2BB1D70B00E31B41 /* Build configuration list for PBXNativeTarget "metronomeTests" */;
			buildPhases = (
				6058ED632BB1D70B00E31B41 /* Sources */,
				6058ED642BB1D70B00E31B41 /* Frameworks */,
				6058ED652BB1D70B00E31B41 /* Resources */,
			);
			buildRules = (
			);
			dependencies = (
				6058ED692BB1D70B00E31B41 /* PBXTargetDependency */,
			);
			name = metronomeTests;
			productName = metronomeTests;
			productReference = 6058ED672BB1D70B00E31B41 /* metronomeTests.xctest */;
			productType = "com.apple.product-type.bundle.unit-test";
		};
		6058ED702BB1D70B00E31B41 /* metronomeUITests */ = {
			isa = PBXNativeTarget;
			buildConfigurationList = 6058ED812BB1D70B00E31B41 /* Build configuration list for PBXNativeTarget "metronomeUITests" */;
			buildPhases = (
				6058ED6D2BB1D70B00E31B41 /* Sources */,
				6058ED6E2BB1D70B00E31B41 /* Frameworks */,
				6058ED6F2BB1D70B00E31B41 /* Resources */,
			);
			buildRules = (
			);
			dependencies = (
				6058ED732BB1D70B00E31B41 /* PBXTargetDependency */,
			);
			name = metronomeUITests;
			productName = metronomeUITests;
			productReference = 6058ED712BB1D70B00E31B41 /* metronomeUITests.xctest */;
			productType = "com.apple.product-type.bundle.ui-testing";
		};
/* End PBXNativeTarget section */

/* Begin PBXProject section */
		6058ED4F2BB1D70A00E31B41 /* Project object */ = {
			isa = PBXProject;
			attributes = {
				BuildIndependentTargetsInParallel = 1;
				LastSwiftUpdateCheck = 1530;
				LastUpgradeCheck = 1530;
				TargetAttributes = {
					6058ED562BB1D70A00E31B41 = {
						CreatedOnToolsVersion = 15.3;
					};
					6058ED662BB1D70B00E31B41 = {
						CreatedOnToolsVersion = 15.3;
						TestTargetID = 6058ED562BB1D70A00E31B41;
					};
					6058ED702BB1D70B00E31B41 = {
						CreatedOnToolsVersion = 15.3;
						TestTargetID = 6058ED562BB1D70A00E31B41;
					};
				};
			};
			buildConfigurationList = 6058ED522BB1D70A00E31B41 /* Build configuration list for PBXProject "metronome" */;
			compatibilityVersion = "Xcode 14.0";
			developmentRegion = en;
			hasScannedForEncodings = 0;
			knownRegions = (
				en,
				Base,
				cs,
			);
			mainGroup = 6058ED4E2BB1D70A00E31B41;
			productRefGroup = 6058ED582BB1D70A00E31B41 /* Products */;
			projectDirPath = "";
			projectRoot = "";
			targets = (
				6058ED562BB1D70A00E31B41 /* metronome */,
				6058ED662BB1D70B00E31B41 /* metronomeTests */,
				6058ED702BB1D70B00E31B41 /* metronomeUITests */,
			);
		};
/* End PBXProject section */

/* Begin PBXResourcesBuildPhase section */
		6058ED552BB1D70A00E31B41 /* Resources */ = {
			isa = PBXResourcesBuildPhase;
			buildActionMask = 2147483647;
			files = (
				6058ED622BB1D70B00E31B41 /* Preview Assets.xcassets in Resources */,
				6058ED5F2BB1D70B00E31B41 /* Assets.xcassets in Resources */,
				60DDB50E2BC3DEF50050DA3E /* Localizable.xcstrings in Resources */,
			);
			runOnlyForDeploymentPostprocessing = 0;
		};
		6058ED652BB1D70B00E31B41 /* Resources */ = {
			isa = PBXResourcesBuildPhase;
			buildActionMask = 2147483647;
			files = (
			);
			runOnlyForDeploymentPostprocessing = 0;
		};
		6058ED6F2BB1D70B00E31B41 /* Resources */ = {
			isa = PBXResourcesBuildPhase;
			buildActionMask = 2147483647;
			files = (
			);
			runOnlyForDeploymentPostprocessing = 0;
		};
/* End PBXResourcesBuildPhase section */

/* Begin PBXSourcesBuildPhase section */
		6058ED532BB1D70A00E31B41 /* Sources */ = {
			isa = PBXSourcesBuildPhase;
			buildActionMask = 2147483647;
			files = (
				6054BE7A2BE2A5FD0062FD33 /* TempoSelector.swift in Sources */,
				6025AE3A2BFA6DD0000B1C34 /* MetronomeModel.swift in Sources */,
				6058ED5D2BB1D70A00E31B41 /* ContentView.swift in Sources */,
				6058ED5B2BB1D70A00E31B41 /* metronomeApp.swift in Sources */,
				6054BE762BE29E5C0062FD33 /* Beat.swift in Sources */,
				60615D082BE3C23100710602 /* TapToMeasureBPMButton.swift in Sources */,
				6054BE782BE29F500062FD33 /* BeatDisplay.swift in Sources */,
			);
			runOnlyForDeploymentPostprocessing = 0;
		};
		6058ED632BB1D70B00E31B41 /* Sources */ = {
			isa = PBXSourcesBuildPhase;
			buildActionMask = 2147483647;
			files = (
				6058ED6C2BB1D70B00E31B41 /* metronomeTests.swift in Sources */,
			);
			runOnlyForDeploymentPostprocessing = 0;
		};
		6058ED6D2BB1D70B00E31B41 /* Sources */ = {
			isa = PBXSourcesBuildPhase;
			buildActionMask = 2147483647;
			files = (
				6058ED762BB1D70B00E31B41 /* metronomeUITests.swift in Sources */,
				6058ED782BB1D70B00E31B41 /* metronomeUITestsLaunchTests.swift in Sources */,
			);
			runOnlyForDeploymentPostprocessing = 0;
		};
/* End PBXSourcesBuildPhase section */

/* Begin PBXTargetDependency section */
		6058ED692BB1D70B00E31B41 /* PBXTargetDependency */ = {
			isa = PBXTargetDependency;
			target = 6058ED562BB1D70A00E31B41 /* metronome */;
			targetProxy = 6058ED682BB1D70B00E31B41 /* PBXContainerItemProxy */;
		};
		6058ED732BB1D70B00E31B41 /* PBXTargetDependency */ = {
			isa = PBXTargetDependency;
			target = 6058ED562BB1D70A00E31B41 /* metronome */;
			targetProxy = 6058ED722BB1D70B00E31B41 /* PBXContainerItemProxy */;
		};
/* End PBXTargetDependency section */

/* Begin XCBuildConfiguration section */
		6058ED792BB1D70B00E31B41 /* Debug */ = {
			isa = XCBuildConfiguration;
			buildSettings = {
				ALWAYS_SEARCH_USER_PATHS = NO;
				ASSETCATALOG_COMPILER_GENERATE_SWIFT_ASSET_SYMBOL_EXTENSIONS = YES;
				CLANG_ANALYZER_NONNULL = YES;
				CLANG_ANALYZER_NUMBER_OBJECT_CONVERSION = YES_AGGRESSIVE;
				CLANG_CXX_LANGUAGE_STANDARD = "gnu++20";
				CLANG_ENABLE_MODULES = YES;
				CLANG_ENABLE_OBJC_ARC = YES;
				CLANG_ENABLE_OBJC_WEAK = YES;
				CLANG_WARN_BLOCK_CAPTURE_AUTORELEASING = YES;
				CLANG_WARN_BOOL_CONVERSION = YES;
				CLANG_WARN_COMMA = YES;
				CLANG_WARN_CONSTANT_CONVERSION = YES;
				CLANG_WARN_DEPRECATED_OBJC_IMPLEMENTATIONS = YES;
				CLANG_WARN_DIRECT_OBJC_ISA_USAGE = YES_ERROR;
				CLANG_WARN_DOCUMENTATION_COMMENTS = YES;
				CLANG_WARN_EMPTY_BODY = YES;
				CLANG_WARN_ENUM_CONVERSION = YES;
				CLANG_WARN_INFINITE_RECURSION = YES;
				CLANG_WARN_INT_CONVERSION = YES;
				CLANG_WARN_NON_LITERAL_NULL_CONVERSION = YES;
				CLANG_WARN_OBJC_IMPLICIT_RETAIN_SELF = YES;
				CLANG_WARN_OBJC_LITERAL_CONVERSION = YES;
				CLANG_WARN_OBJC_ROOT_CLASS = YES_ERROR;
				CLANG_WARN_QUOTED_INCLUDE_IN_FRAMEWORK_HEADER = YES;
				CLANG_WARN_RANGE_LOOP_ANALYSIS = YES;
				CLANG_WARN_STRICT_PROTOTYPES = YES;
				CLANG_WARN_SUSPICIOUS_MOVE = YES;
				CLANG_WARN_UNGUARDED_AVAILABILITY = YES_AGGRESSIVE;
				CLANG_WARN_UNREACHABLE_CODE = YES;
				CLANG_WARN__DUPLICATE_METHOD_MATCH = YES;
				COPY_PHASE_STRIP = NO;
				DEBUG_INFORMATION_FORMAT = dwarf;
				ENABLE_STRICT_OBJC_MSGSEND = YES;
				ENABLE_TESTABILITY = YES;
				ENABLE_USER_SCRIPT_SANDBOXING = YES;
				GCC_C_LANGUAGE_STANDARD = gnu17;
				GCC_DYNAMIC_NO_PIC = NO;
				GCC_NO_COMMON_BLOCKS = YES;
				GCC_OPTIMIZATION_LEVEL = 0;
				GCC_PREPROCESSOR_DEFINITIONS = (
					"DEBUG=1",
					"$(inherited)",
				);
				GCC_WARN_64_TO_32_BIT_CONVERSION = YES;
				GCC_WARN_ABOUT_RETURN_TYPE = YES_ERROR;
				GCC_WARN_UNDECLARED_SELECTOR = YES;
				GCC_WARN_UNINITIALIZED_AUTOS = YES_AGGRESSIVE;
				GCC_WARN_UNUSED_FUNCTION = YES;
				GCC_WARN_UNUSED_VARIABLE = YES;
				IPHONEOS_DEPLOYMENT_TARGET = 17.4;
				LOCALIZATION_PREFERS_STRING_CATALOGS = YES;
				MTL_ENABLE_DEBUG_INFO = INCLUDE_SOURCE;
				MTL_FAST_MATH = YES;
				ONLY_ACTIVE_ARCH = YES;
				SDKROOT = iphoneos;
				SWIFT_ACTIVE_COMPILATION_CONDITIONS = "DEBUG $(inherited)";
				SWIFT_OPTIMIZATION_LEVEL = "-Onone";
			};
			name = Debug;
		};
		6058ED7A2BB1D70B00E31B41 /* Release */ = {
			isa = XCBuildConfiguration;
			buildSettings = {
				ALWAYS_SEARCH_USER_PATHS = NO;
				ASSETCATALOG_COMPILER_GENERATE_SWIFT_ASSET_SYMBOL_EXTENSIONS = YES;
				CLANG_ANALYZER_NONNULL = YES;
				CLANG_ANALYZER_NUMBER_OBJECT_CONVERSION = YES_AGGRESSIVE;
				CLANG_CXX_LANGUAGE_STANDARD = "gnu++20";
				CLANG_ENABLE_MODULES = YES;
				CLANG_ENABLE_OBJC_ARC = YES;
				CLANG_ENABLE_OBJC_WEAK = YES;
				CLANG_WARN_BLOCK_CAPTURE_AUTORELEASING = YES;
				CLANG_WARN_BOOL_CONVERSION = YES;
				CLANG_WARN_COMMA = YES;
				CLANG_WARN_CONSTANT_CONVERSION = YES;
				CLANG_WARN_DEPRECATED_OBJC_IMPLEMENTATIONS = YES;
				CLANG_WARN_DIRECT_OBJC_ISA_USAGE = YES_ERROR;
				CLANG_WARN_DOCUMENTATION_COMMENTS = YES;
				CLANG_WARN_EMPTY_BODY = YES;
				CLANG_WARN_ENUM_CONVERSION = YES;
				CLANG_WARN_INFINITE_RECURSION = YES;
				CLANG_WARN_INT_CONVERSION = YES;
				CLANG_WARN_NON_LITERAL_NULL_CONVERSION = YES;
				CLANG_WARN_OBJC_IMPLICIT_RETAIN_SELF = YES;
				CLANG_WARN_OBJC_LITERAL_CONVERSION = YES;
				CLANG_WARN_OBJC_ROOT_CLASS = YES_ERROR;
				CLANG_WARN_QUOTED_INCLUDE_IN_FRAMEWORK_HEADER = YES;
				CLANG_WARN_RANGE_LOOP_ANALYSIS = YES;
				CLANG_WARN_STRICT_PROTOTYPES = YES;
				CLANG_WARN_SUSPICIOUS_MOVE = YES;
				CLANG_WARN_UNGUARDED_AVAILABILITY = YES_AGGRESSIVE;
				CLANG_WARN_UNREACHABLE_CODE = YES;
				CLANG_WARN__DUPLICATE_METHOD_MATCH = YES;
				COPY_PHASE_STRIP = NO;
				DEBUG_INFORMATION_FORMAT = "dwarf-with-dsym";
				ENABLE_NS_ASSERTIONS = NO;
				ENABLE_STRICT_OBJC_MSGSEND = YES;
				ENABLE_USER_SCRIPT_SANDBOXING = YES;
				GCC_C_LANGUAGE_STANDARD = gnu17;
				GCC_NO_COMMON_BLOCKS = YES;
				GCC_WARN_64_TO_32_BIT_CONVERSION = YES;
				GCC_WARN_ABOUT_RETURN_TYPE = YES_ERROR;
				GCC_WARN_UNDECLARED_SELECTOR = YES;
				GCC_WARN_UNINITIALIZED_AUTOS = YES_AGGRESSIVE;
				GCC_WARN_UNUSED_FUNCTION = YES;
				GCC_WARN_UNUSED_VARIABLE = YES;
				IPHONEOS_DEPLOYMENT_TARGET = 17.4;
				LOCALIZATION_PREFERS_STRING_CATALOGS = YES;
				MTL_ENABLE_DEBUG_INFO = NO;
				MTL_FAST_MATH = YES;
				SDKROOT = iphoneos;
				SWIFT_COMPILATION_MODE = wholemodule;
				VALIDATE_PRODUCT = YES;
			};
			name = Release;
		};
		6058ED7C2BB1D70B00E31B41 /* Debug */ = {
			isa = XCBuildConfiguration;
			buildSettings = {
				ASSETCATALOG_COMPILER_APPICON_NAME = AppIcon;
				ASSETCATALOG_COMPILER_GLOBAL_ACCENT_COLOR_NAME = AccentColor;
				CODE_SIGN_STYLE = Automatic;
				CURRENT_PROJECT_VERSION = 1;
				DEVELOPMENT_ASSET_PATHS = "\"metronome/Preview Content\"";
				DEVELOPMENT_TEAM = ZQBR62PZJ6;
				ENABLE_PREVIEWS = YES;
				GENERATE_INFOPLIST_FILE = YES;
				INFOPLIST_KEY_LSApplicationCategoryType = "public.app-category.music";
				INFOPLIST_KEY_UIApplicationSceneManifest_Generation = YES;
				INFOPLIST_KEY_UIApplicationSupportsIndirectInputEvents = YES;
				INFOPLIST_KEY_UILaunchScreen_Generation = YES;
				INFOPLIST_KEY_UISupportedInterfaceOrientations_iPad = "UIInterfaceOrientationPortrait UIInterfaceOrientationPortraitUpsideDown UIInterfaceOrientationLandscapeLeft UIInterfaceOrientationLandscapeRight";
				INFOPLIST_KEY_UISupportedInterfaceOrientations_iPhone = "UIInterfaceOrientationPortrait UIInterfaceOrientationLandscapeLeft UIInterfaceOrientationLandscapeRight";
				LD_RUNPATH_SEARCH_PATHS = (
					"$(inherited)",
					"@executable_path/Frameworks",
				);
				MARKETING_VERSION = 0.1;
				PRODUCT_BUNDLE_IDENTIFIER = juhy.metronome;
				PRODUCT_NAME = "$(TARGET_NAME)";
				SUPPORTED_PLATFORMS = "iphoneos iphonesimulator";
				SUPPORTS_MACCATALYST = NO;
				SUPPORTS_XR_DESIGNED_FOR_IPHONE_IPAD = NO;
				SWIFT_EMIT_LOC_STRINGS = YES;
				SWIFT_VERSION = 5.0;
				TARGETED_DEVICE_FAMILY = "1,2";
			};
			name = Debug;
		};
		6058ED7D2BB1D70B00E31B41 /* Release */ = {
			isa = XCBuildConfiguration;
			buildSettings = {
				ASSETCATALOG_COMPILER_APPICON_NAME = AppIcon;
				ASSETCATALOG_COMPILER_GLOBAL_ACCENT_COLOR_NAME = AccentColor;
				CODE_SIGN_STYLE = Automatic;
				CURRENT_PROJECT_VERSION = 1;
				DEVELOPMENT_ASSET_PATHS = "\"metronome/Preview Content\"";
				DEVELOPMENT_TEAM = ZQBR62PZJ6;
				ENABLE_PREVIEWS = YES;
				GENERATE_INFOPLIST_FILE = YES;
				INFOPLIST_KEY_LSApplicationCategoryType = "public.app-category.music";
				INFOPLIST_KEY_UIApplicationSceneManifest_Generation = YES;
				INFOPLIST_KEY_UIApplicationSupportsIndirectInputEvents = YES;
				INFOPLIST_KEY_UILaunchScreen_Generation = YES;
				INFOPLIST_KEY_UISupportedInterfaceOrientations_iPad = "UIInterfaceOrientationPortrait UIInterfaceOrientationPortraitUpsideDown UIInterfaceOrientationLandscapeLeft UIInterfaceOrientationLandscapeRight";
				INFOPLIST_KEY_UISupportedInterfaceOrientations_iPhone = "UIInterfaceOrientationPortrait UIInterfaceOrientationLandscapeLeft UIInterfaceOrientationLandscapeRight";
				LD_RUNPATH_SEARCH_PATHS = (
					"$(inherited)",
					"@executable_path/Frameworks",
				);
				MARKETING_VERSION = 0.1;
				PRODUCT_BUNDLE_IDENTIFIER = juhy.metronome;
				PRODUCT_NAME = "$(TARGET_NAME)";
				SUPPORTED_PLATFORMS = "iphoneos iphonesimulator";
				SUPPORTS_MACCATALYST = NO;
				SUPPORTS_XR_DESIGNED_FOR_IPHONE_IPAD = NO;
				SWIFT_EMIT_LOC_STRINGS = YES;
				SWIFT_VERSION = 5.0;
				TARGETED_DEVICE_FAMILY = "1,2";
			};
			name = Release;
		};
		6058ED7F2BB1D70B00E31B41 /* Debug */ = {
			isa = XCBuildConfiguration;
			buildSettings = {
				ALWAYS_EMBED_SWIFT_STANDARD_LIBRARIES = YES;
				BUNDLE_LOADER = "$(TEST_HOST)";
				CODE_SIGN_STYLE = Automatic;
				CURRENT_PROJECT_VERSION = 1;
				DEVELOPMENT_TEAM = ZQBR62PZJ6;
				GENERATE_INFOPLIST_FILE = YES;
				IPHONEOS_DEPLOYMENT_TARGET = 17.4;
				MARKETING_VERSION = 1.0;
				PRODUCT_BUNDLE_IDENTIFIER = juhy.metronomeTests;
				PRODUCT_NAME = "$(TARGET_NAME)";
				SWIFT_EMIT_LOC_STRINGS = NO;
				SWIFT_VERSION = 5.0;
				TARGETED_DEVICE_FAMILY = "1,2";
				TEST_HOST = "$(BUILT_PRODUCTS_DIR)/metronome.app/$(BUNDLE_EXECUTABLE_FOLDER_PATH)/metronome";
			};
			name = Debug;
		};
		6058ED802BB1D70B00E31B41 /* Release */ = {
			isa = XCBuildConfiguration;
			buildSettings = {
				ALWAYS_EMBED_SWIFT_STANDARD_LIBRARIES = YES;
				BUNDLE_LOADER = "$(TEST_HOST)";
				CODE_SIGN_STYLE = Automatic;
				CURRENT_PROJECT_VERSION = 1;
				DEVELOPMENT_TEAM = ZQBR62PZJ6;
				GENERATE_INFOPLIST_FILE = YES;
				IPHONEOS_DEPLOYMENT_TARGET = 17.4;
				MARKETING_VERSION = 1.0;
				PRODUCT_BUNDLE_IDENTIFIER = juhy.metronomeTests;
				PRODUCT_NAME = "$(TARGET_NAME)";
				SWIFT_EMIT_LOC_STRINGS = NO;
				SWIFT_VERSION = 5.0;
				TARGETED_DEVICE_FAMILY = "1,2";
				TEST_HOST = "$(BUILT_PRODUCTS_DIR)/metronome.app/$(BUNDLE_EXECUTABLE_FOLDER_PATH)/metronome";
			};
			name = Release;
		};
		6058ED822BB1D70B00E31B41 /* Debug */ = {
			isa = XCBuildConfiguration;
			buildSettings = {
				ALWAYS_EMBED_SWIFT_STANDARD_LIBRARIES = YES;
				CODE_SIGN_STYLE = Automatic;
				CURRENT_PROJECT_VERSION = 1;
				DEVELOPMENT_TEAM = ZQBR62PZJ6;
				GENERATE_INFOPLIST_FILE = YES;
				MARKETING_VERSION = 1.0;
				PRODUCT_BUNDLE_IDENTIFIER = juhy.metronomeUITests;
				PRODUCT_NAME = "$(TARGET_NAME)";
				SWIFT_EMIT_LOC_STRINGS = NO;
				SWIFT_VERSION = 5.0;
				TARGETED_DEVICE_FAMILY = "1,2";
				TEST_TARGET_NAME = metronome;
			};
			name = Debug;
		};
		6058ED832BB1D70B00E31B41 /* Release */ = {
			isa = XCBuildConfiguration;
			buildSettings = {
				ALWAYS_EMBED_SWIFT_STANDARD_LIBRARIES = YES;
				CODE_SIGN_STYLE = Automatic;
				CURRENT_PROJECT_VERSION = 1;
				DEVELOPMENT_TEAM = ZQBR62PZJ6;
				GENERATE_INFOPLIST_FILE = YES;
				MARKETING_VERSION = 1.0;
				PRODUCT_BUNDLE_IDENTIFIER = juhy.metronomeUITests;
				PRODUCT_NAME = "$(TARGET_NAME)";
				SWIFT_EMIT_LOC_STRINGS = NO;
				SWIFT_VERSION = 5.0;
				TARGETED_DEVICE_FAMILY = "1,2";
				TEST_TARGET_NAME = metronome;
			};
			name = Release;
		};
/* End XCBuildConfiguration section */

/* Begin XCConfigurationList section */
		6058ED522BB1D70A00E31B41 /* Build configuration list for PBXProject "metronome" */ = {
			isa = XCConfigurationList;
			buildConfigurations = (
				6058ED792BB1D70B00E31B41 /* Debug */,
				6058ED7A2BB1D70B00E31B41 /* Release */,
			);
			defaultConfigurationIsVisible = 0;
			defaultConfigurationName = Release;
		};
		6058ED7B2BB1D70B00E31B41 /* Build configuration list for PBXNativeTarget "metronome" */ = {
			isa = XCConfigurationList;
			buildConfigurations = (
				6058ED7C2BB1D70B00E31B41 /* Debug */,
				6058ED7D2BB1D70B00E31B41 /* Release */,
			);
			defaultConfigurationIsVisible = 0;
			defaultConfigurationName = Release;
		};
		6058ED7E2BB1D70B00E31B41 /* Build configuration list for PBXNativeTarget "metronomeTests" */ = {
			isa = XCConfigurationList;
			buildConfigurations = (
				6058ED7F2BB1D70B00E31B41 /* Debug */,
				6058ED802BB1D70B00E31B41 /* Release */,
			);
			defaultConfigurationIsVisible = 0;
			defaultConfigurationName = Release;
		};
		6058ED812BB1D70B00E31B41 /* Build configuration list for PBXNativeTarget "metronomeUITests" */ = {
			isa = XCConfigurationList;
			buildConfigurations = (
				6058ED822BB1D70B00E31B41 /* Debug */,
				6058ED832BB1D70B00E31B41 /* Release */,
			);
			defaultConfigurationIsVisible = 0;
			defaultConfigurationName = Release;
		};
/* End XCConfigurationList section */
	};
	rootObject = 6058ED4F2BB1D70A00E31B41 /* Project object */;
}
